// !$*UTF8*$!
{
	archiveVersion = 1;
	classes = {
	};
	objectVersion = 77;
	objects = {

/* Begin PBXContainerItemProxy section */
		DB28F14F2CD7BC0000234C63 /* PBXContainerItemProxy */ = {
			isa = PBXContainerItemProxy;
			containerPortal = DB2A2C412CD55AE700AFBEB9 /* Project object */;
			proxyType = 1;
			remoteGlobalIDString = DB2A2C482CD55AE700AFBEB9;
			remoteInfo = "CPU-Menubar";
		};
		DB2A2C652CD55AE800AFBEB9 /* PBXContainerItemProxy */ = {
			isa = PBXContainerItemProxy;
			containerPortal = DB2A2C412CD55AE700AFBEB9 /* Project object */;
			proxyType = 1;
			remoteGlobalIDString = DB2A2C482CD55AE700AFBEB9;
			remoteInfo = "CPU-Menubar";
		};
/* End PBXContainerItemProxy section */

/* Begin PBXFileReference section */
		DB28F14B2CD7BC0000234C63 /* CPU-MenubarTests.xctest */ = {isa = PBXFileReference; explicitFileType = wrapper.cfbundle; includeInIndex = 0; path = "CPU-MenubarTests.xctest"; sourceTree = BUILT_PRODUCTS_DIR; };
		DB2A2C492CD55AE700AFBEB9 /* CPU-Menubar.app */ = {isa = PBXFileReference; explicitFileType = wrapper.application; includeInIndex = 0; path = "CPU-Menubar.app"; sourceTree = BUILT_PRODUCTS_DIR; };
		DB2A2C642CD55AE800AFBEB9 /* CPU-MenubarUITests.xctest */ = {isa = PBXFileReference; explicitFileType = wrapper.cfbundle; includeInIndex = 0; path = "CPU-MenubarUITests.xctest"; sourceTree = BUILT_PRODUCTS_DIR; };
/* End PBXFileReference section */

/* Begin PBXFileSystemSynchronizedRootGroup section */
		DB28F14C2CD7BC0000234C63 /* Menubar-InfoTests */ = {
			isa = PBXFileSystemSynchronizedRootGroup;
			path = "Menubar-InfoTests";
			sourceTree = "<group>";
		};
		DB2A2C4B2CD55AE700AFBEB9 /* Menubar-Info */ = {
			isa = PBXFileSystemSynchronizedRootGroup;
			path = "Menubar-Info";
			sourceTree = "<group>";
		};
		DB2A2C672CD55AE800AFBEB9 /* Menubar-InfoUITests */ = {
			isa = PBXFileSystemSynchronizedRootGroup;
			path = "Menubar-InfoUITests";
			sourceTree = "<group>";
		};
/* End PBXFileSystemSynchronizedRootGroup section */

/* Begin PBXFrameworksBuildPhase section */
		DB28F1482CD7BC0000234C63 /* Frameworks */ = {
			isa = PBXFrameworksBuildPhase;
			buildActionMask = 2147483647;
			files = (
			);
			runOnlyForDeploymentPostprocessing = 0;
		};
		DB2A2C462CD55AE700AFBEB9 /* Frameworks */ = {
			isa = PBXFrameworksBuildPhase;
			buildActionMask = 2147483647;
			files = (
			);
			runOnlyForDeploymentPostprocessing = 0;
		};
		DB2A2C612CD55AE800AFBEB9 /* Frameworks */ = {
			isa = PBXFrameworksBuildPhase;
			buildActionMask = 2147483647;
			files = (
			);
			runOnlyForDeploymentPostprocessing = 0;
		};
/* End PBXFrameworksBuildPhase section */

/* Begin PBXGroup section */
		DB2A2C402CD55AE700AFBEB9 = {
			isa = PBXGroup;
			children = (
				DB2A2C4B2CD55AE700AFBEB9 /* Menubar-Info */,
				DB2A2C672CD55AE800AFBEB9 /* Menubar-InfoUITests */,
				DB28F14C2CD7BC0000234C63 /* Menubar-InfoTests */,
				DB2A2C4A2CD55AE700AFBEB9 /* Products */,
			);
			sourceTree = "<group>";
		};
		DB2A2C4A2CD55AE700AFBEB9 /* Products */ = {
			isa = PBXGroup;
			children = (
				DB2A2C492CD55AE700AFBEB9 /* CPU-Menubar.app */,
				DB2A2C642CD55AE800AFBEB9 /* CPU-MenubarUITests.xctest */,
				DB28F14B2CD7BC0000234C63 /* CPU-MenubarTests.xctest */,
			);
			name = Products;
			sourceTree = "<group>";
		};
/* End PBXGroup section */

/* Begin PBXNativeTarget section */
		DB28F14A2CD7BC0000234C63 /* CPU-MenubarTests */ = {
			isa = PBXNativeTarget;
			buildConfigurationList = DB28F1512CD7BC0000234C63 /* Build configuration list for PBXNativeTarget "CPU-MenubarTests" */;
			buildPhases = (
				DB28F1472CD7BC0000234C63 /* Sources */,
				DB28F1482CD7BC0000234C63 /* Frameworks */,
				DB28F1492CD7BC0000234C63 /* Resources */,
			);
			buildRules = (
			);
			dependencies = (
				DB28F1502CD7BC0000234C63 /* PBXTargetDependency */,
			);
			fileSystemSynchronizedGroups = (
				DB28F14C2CD7BC0000234C63 /* Menubar-InfoTests */,
			);
			name = "CPU-MenubarTests";
			packageProductDependencies = (
			);
			productName = "CPU-MenubarTests";
			productReference = DB28F14B2CD7BC0000234C63 /* CPU-MenubarTests.xctest */;
			productType = "com.apple.product-type.bundle.unit-test";
		};
		DB2A2C482CD55AE700AFBEB9 /* CPU-Menubar */ = {
			isa = PBXNativeTarget;
			buildConfigurationList = DB2A2C6E2CD55AE800AFBEB9 /* Build configuration list for PBXNativeTarget "CPU-Menubar" */;
			buildPhases = (
				DB2A2C452CD55AE700AFBEB9 /* Sources */,
				DB2A2C462CD55AE700AFBEB9 /* Frameworks */,
				DB2A2C472CD55AE700AFBEB9 /* Resources */,
			);
			buildRules = (
			);
			dependencies = (
			);
			fileSystemSynchronizedGroups = (
				DB2A2C4B2CD55AE700AFBEB9 /* Menubar-Info */,
			);
			name = "CPU-Menubar";
			packageProductDependencies = (
			);
			productName = "CPU-Menubar";
			productReference = DB2A2C492CD55AE700AFBEB9 /* CPU-Menubar.app */;
			productType = "com.apple.product-type.application";
		};
		DB2A2C632CD55AE800AFBEB9 /* CPU-MenubarUITests */ = {
			isa = PBXNativeTarget;
			buildConfigurationList = DB2A2C742CD55AE800AFBEB9 /* Build configuration list for PBXNativeTarget "CPU-MenubarUITests" */;
			buildPhases = (
				DB2A2C602CD55AE800AFBEB9 /* Sources */,
				DB2A2C612CD55AE800AFBEB9 /* Frameworks */,
				DB2A2C622CD55AE800AFBEB9 /* Resources */,
			);
			buildRules = (
			);
			dependencies = (
				DB2A2C662CD55AE800AFBEB9 /* PBXTargetDependency */,
			);
			fileSystemSynchronizedGroups = (
				DB2A2C672CD55AE800AFBEB9 /* Menubar-InfoUITests */,
			);
			name = "CPU-MenubarUITests";
			packageProductDependencies = (
			);
			productName = "CPU-MenubarUITests";
			productReference = DB2A2C642CD55AE800AFBEB9 /* CPU-MenubarUITests.xctest */;
			productType = "com.apple.product-type.bundle.ui-testing";
		};
/* End PBXNativeTarget section */

/* Begin PBXProject section */
		DB2A2C412CD55AE700AFBEB9 /* Project object */ = {
			isa = PBXProject;
			attributes = {
				BuildIndependentTargetsInParallel = 1;
				LastSwiftUpdateCheck = 1610;
				LastUpgradeCheck = 1610;
				TargetAttributes = {
					DB28F14A2CD7BC0000234C63 = {
						CreatedOnToolsVersion = 16.1;
						TestTargetID = DB2A2C482CD55AE700AFBEB9;
					};
					DB2A2C482CD55AE700AFBEB9 = {
						CreatedOnToolsVersion = 16.1;
					};
					DB2A2C632CD55AE800AFBEB9 = {
						CreatedOnToolsVersion = 16.1;
						TestTargetID = DB2A2C482CD55AE700AFBEB9;
					};
				};
			};
			buildConfigurationList = DB2A2C442CD55AE700AFBEB9 /* Build configuration list for PBXProject "Menubar-Info" */;
			developmentRegion = en;
			hasScannedForEncodings = 0;
			knownRegions = (
				en,
				Base,
			);
			mainGroup = DB2A2C402CD55AE700AFBEB9;
			minimizedProjectReferenceProxies = 1;
			preferredProjectObjectVersion = 77;
			productRefGroup = DB2A2C4A2CD55AE700AFBEB9 /* Products */;
			projectDirPath = "";
			projectRoot = "";
			targets = (
				DB2A2C482CD55AE700AFBEB9 /* CPU-Menubar */,
				DB2A2C632CD55AE800AFBEB9 /* CPU-MenubarUITests */,
				DB28F14A2CD7BC0000234C63 /* CPU-MenubarTests */,
			);
		};
/* End PBXProject section */

/* Begin PBXResourcesBuildPhase section */
		DB28F1492CD7BC0000234C63 /* Resources */ = {
			isa = PBXResourcesBuildPhase;
			buildActionMask = 2147483647;
			files = (
			);
			runOnlyForDeploymentPostprocessing = 0;
		};
		DB2A2C472CD55AE700AFBEB9 /* Resources */ = {
			isa = PBXResourcesBuildPhase;
			buildActionMask = 2147483647;
			files = (
			);
			runOnlyForDeploymentPostprocessing = 0;
		};
		DB2A2C622CD55AE800AFBEB9 /* Resources */ = {
			isa = PBXResourcesBuildPhase;
			buildActionMask = 2147483647;
			files = (
			);
			runOnlyForDeploymentPostprocessing = 0;
		};
/* End PBXResourcesBuildPhase section */

/* Begin PBXSourcesBuildPhase section */
		DB28F1472CD7BC0000234C63 /* Sources */ = {
			isa = PBXSourcesBuildPhase;
			buildActionMask = 2147483647;
			files = (
			);
			runOnlyForDeploymentPostprocessing = 0;
		};
		DB2A2C452CD55AE700AFBEB9 /* Sources */ = {
			isa = PBXSourcesBuildPhase;
			buildActionMask = 2147483647;
			files = (
			);
			runOnlyForDeploymentPostprocessing = 0;
		};
		DB2A2C602CD55AE800AFBEB9 /* Sources */ = {
			isa = PBXSourcesBuildPhase;
			buildActionMask = 2147483647;
			files = (
			);
			runOnlyForDeploymentPostprocessing = 0;
		};
/* End PBXSourcesBuildPhase section */

/* Begin PBXTargetDependency section */
		DB28F1502CD7BC0000234C63 /* PBXTargetDependency */ = {
			isa = PBXTargetDependency;
			target = DB2A2C482CD55AE700AFBEB9 /* CPU-Menubar */;
			targetProxy = DB28F14F2CD7BC0000234C63 /* PBXContainerItemProxy */;
		};
		DB2A2C662CD55AE800AFBEB9 /* PBXTargetDependency */ = {
			isa = PBXTargetDependency;
			target = DB2A2C482CD55AE700AFBEB9 /* CPU-Menubar */;
			targetProxy = DB2A2C652CD55AE800AFBEB9 /* PBXContainerItemProxy */;
		};
/* End PBXTargetDependency section */

/* Begin XCBuildConfiguration section */
		DB28F1522CD7BC0000234C63 /* Debug */ = {
			isa = XCBuildConfiguration;
			buildSettings = {
				BUNDLE_LOADER = "$(TEST_HOST)";
				CODE_SIGN_STYLE = Automatic;
				CURRENT_PROJECT_VERSION = 1;
				DEVELOPMENT_TEAM = BML64T9T2X;
				GENERATE_INFOPLIST_FILE = YES;
				MARKETING_VERSION = 1.0;
				PRODUCT_BUNDLE_IDENTIFIER = "com.plmls-team.CPU-MenubarTests";
				PRODUCT_NAME = "$(TARGET_NAME)";
				SWIFT_EMIT_LOC_STRINGS = NO;
				SWIFT_VERSION = 5.0;
				TEST_HOST = "$(BUILT_PRODUCTS_DIR)/CPU-Menubar.app/$(BUNDLE_EXECUTABLE_FOLDER_PATH)/CPU-Menubar";
			};
			name = Debug;
		};
		DB28F1532CD7BC0000234C63 /* Release */ = {
			isa = XCBuildConfiguration;
			buildSettings = {
				BUNDLE_LOADER = "$(TEST_HOST)";
				CODE_SIGN_STYLE = Automatic;
				CURRENT_PROJECT_VERSION = 1;
				DEVELOPMENT_TEAM = BML64T9T2X;
				GENERATE_INFOPLIST_FILE = YES;
				MARKETING_VERSION = 1.0;
				PRODUCT_BUNDLE_IDENTIFIER = "com.plmls-team.CPU-MenubarTests";
				PRODUCT_NAME = "$(TARGET_NAME)";
				SWIFT_EMIT_LOC_STRINGS = NO;
				SWIFT_VERSION = 5.0;
				TEST_HOST = "$(BUILT_PRODUCTS_DIR)/CPU-Menubar.app/$(BUNDLE_EXECUTABLE_FOLDER_PATH)/CPU-Menubar";
			};
			name = Release;
		};
		DB2A2C6C2CD55AE800AFBEB9 /* Debug */ = {
			isa = XCBuildConfiguration;
			buildSettings = {
				ALWAYS_SEARCH_USER_PATHS = NO;
				ASSETCATALOG_COMPILER_GENERATE_SWIFT_ASSET_SYMBOL_EXTENSIONS = YES;
				CLANG_ANALYZER_NONNULL = YES;
				CLANG_ANALYZER_NUMBER_OBJECT_CONVERSION = YES_AGGRESSIVE;
				CLANG_CXX_LANGUAGE_STANDARD = "gnu++20";
				CLANG_ENABLE_MODULES = YES;
				CLANG_ENABLE_OBJC_ARC = YES;
				CLANG_ENABLE_OBJC_WEAK = YES;
				CLANG_WARN_BLOCK_CAPTURE_AUTORELEASING = YES;
				CLANG_WARN_BOOL_CONVERSION = YES;
				CLANG_WARN_COMMA = YES;
				CLANG_WARN_CONSTANT_CONVERSION = YES;
				CLANG_WARN_DEPRECATED_OBJC_IMPLEMENTATIONS = YES;
				CLANG_WARN_DIRECT_OBJC_ISA_USAGE = YES_ERROR;
				CLANG_WARN_DOCUMENTATION_COMMENTS = YES;
				CLANG_WARN_EMPTY_BODY = YES;
				CLANG_WARN_ENUM_CONVERSION = YES;
				CLANG_WARN_INFINITE_RECURSION = YES;
				CLANG_WARN_INT_CONVERSION = YES;
				CLANG_WARN_NON_LITERAL_NULL_CONVERSION = YES;
				CLANG_WARN_OBJC_IMPLICIT_RETAIN_SELF = YES;
				CLANG_WARN_OBJC_LITERAL_CONVERSION = YES;
				CLANG_WARN_OBJC_ROOT_CLASS = YES_ERROR;
				CLANG_WARN_QUOTED_INCLUDE_IN_FRAMEWORK_HEADER = YES;
				CLANG_WARN_RANGE_LOOP_ANALYSIS = YES;
				CLANG_WARN_STRICT_PROTOTYPES = YES;
				CLANG_WARN_SUSPICIOUS_MOVE = YES;
				CLANG_WARN_UNGUARDED_AVAILABILITY = YES_AGGRESSIVE;
				CLANG_WARN_UNREACHABLE_CODE = YES;
				CLANG_WARN__DUPLICATE_METHOD_MATCH = YES;
				COPY_PHASE_STRIP = NO;
				DEBUG_INFORMATION_FORMAT = dwarf;
				ENABLE_STRICT_OBJC_MSGSEND = YES;
				ENABLE_TESTABILITY = YES;
				ENABLE_USER_SCRIPT_SANDBOXING = YES;
				GCC_C_LANGUAGE_STANDARD = gnu17;
				GCC_DYNAMIC_NO_PIC = NO;
				GCC_NO_COMMON_BLOCKS = YES;
				GCC_OPTIMIZATION_LEVEL = 0;
				GCC_PREPROCESSOR_DEFINITIONS = (
					"DEBUG=1",
					"$(inherited)",
				);
				GCC_WARN_64_TO_32_BIT_CONVERSION = YES;
				GCC_WARN_ABOUT_RETURN_TYPE = YES_ERROR;
				GCC_WARN_UNDECLARED_SELECTOR = YES;
				GCC_WARN_UNINITIALIZED_AUTOS = YES_AGGRESSIVE;
				GCC_WARN_UNUSED_FUNCTION = YES;
				GCC_WARN_UNUSED_VARIABLE = YES;
				LOCALIZATION_PREFERS_STRING_CATALOGS = YES;
				MACOSX_DEPLOYMENT_TARGET = 15.1;
				MTL_ENABLE_DEBUG_INFO = INCLUDE_SOURCE;
				MTL_FAST_MATH = YES;
				ONLY_ACTIVE_ARCH = YES;
				SDKROOT = macosx;
				SWIFT_ACTIVE_COMPILATION_CONDITIONS = "DEBUG $(inherited)";
				SWIFT_OPTIMIZATION_LEVEL = "-Onone";
			};
			name = Debug;
		};
		DB2A2C6D2CD55AE800AFBEB9 /* Release */ = {
			isa = XCBuildConfiguration;
			buildSettings = {
				ALWAYS_SEARCH_USER_PATHS = NO;
				ASSETCATALOG_COMPILER_GENERATE_SWIFT_ASSET_SYMBOL_EXTENSIONS = YES;
				CLANG_ANALYZER_NONNULL = YES;
				CLANG_ANALYZER_NUMBER_OBJECT_CONVERSION = YES_AGGRESSIVE;
				CLANG_CXX_LANGUAGE_STANDARD = "gnu++20";
				CLANG_ENABLE_MODULES = YES;
				CLANG_ENABLE_OBJC_ARC = YES;
				CLANG_ENABLE_OBJC_WEAK = YES;
				CLANG_WARN_BLOCK_CAPTURE_AUTORELEASING = YES;
				CLANG_WARN_BOOL_CONVERSION = YES;
				CLANG_WARN_COMMA = YES;
				CLANG_WARN_CONSTANT_CONVERSION = YES;
				CLANG_WARN_DEPRECATED_OBJC_IMPLEMENTATIONS = YES;
				CLANG_WARN_DIRECT_OBJC_ISA_USAGE = YES_ERROR;
				CLANG_WARN_DOCUMENTATION_COMMENTS = YES;
				CLANG_WARN_EMPTY_BODY = YES;
				CLANG_WARN_ENUM_CONVERSION = YES;
				CLANG_WARN_INFINITE_RECURSION = YES;
				CLANG_WARN_INT_CONVERSION = YES;
				CLANG_WARN_NON_LITERAL_NULL_CONVERSION = YES;
				CLANG_WARN_OBJC_IMPLICIT_RETAIN_SELF = YES;
				CLANG_WARN_OBJC_LITERAL_CONVERSION = YES;
				CLANG_WARN_OBJC_ROOT_CLASS = YES_ERROR;
				CLANG_WARN_QUOTED_INCLUDE_IN_FRAMEWORK_HEADER = YES;
				CLANG_WARN_RANGE_LOOP_ANALYSIS = YES;
				CLANG_WARN_STRICT_PROTOTYPES = YES;
				CLANG_WARN_SUSPICIOUS_MOVE = YES;
				CLANG_WARN_UNGUARDED_AVAILABILITY = YES_AGGRESSIVE;
				CLANG_WARN_UNREACHABLE_CODE = YES;
				CLANG_WARN__DUPLICATE_METHOD_MATCH = YES;
				COPY_PHASE_STRIP = NO;
				DEBUG_INFORMATION_FORMAT = "dwarf-with-dsym";
				ENABLE_NS_ASSERTIONS = NO;
				ENABLE_STRICT_OBJC_MSGSEND = YES;
				ENABLE_USER_SCRIPT_SANDBOXING = YES;
				GCC_C_LANGUAGE_STANDARD = gnu17;
				GCC_NO_COMMON_BLOCKS = YES;
				GCC_WARN_64_TO_32_BIT_CONVERSION = YES;
				GCC_WARN_ABOUT_RETURN_TYPE = YES_ERROR;
				GCC_WARN_UNDECLARED_SELECTOR = YES;
				GCC_WARN_UNINITIALIZED_AUTOS = YES_AGGRESSIVE;
				GCC_WARN_UNUSED_FUNCTION = YES;
				GCC_WARN_UNUSED_VARIABLE = YES;
				LOCALIZATION_PREFERS_STRING_CATALOGS = YES;
				MACOSX_DEPLOYMENT_TARGET = 15.1;
				MTL_ENABLE_DEBUG_INFO = NO;
				MTL_FAST_MATH = YES;
				SDKROOT = macosx;
				SWIFT_COMPILATION_MODE = wholemodule;
			};
			name = Release;
		};
		DB2A2C6F2CD55AE800AFBEB9 /* Debug */ = {
			isa = XCBuildConfiguration;
			buildSettings = {
				ASSETCATALOG_COMPILER_APPICON_NAME = AppIcon;
				ASSETCATALOG_COMPILER_GLOBAL_ACCENT_COLOR_NAME = AccentColor;
				CODE_SIGN_ENTITLEMENTS = "Menubar-Info/Menubar_Info.entitlements";
				CODE_SIGN_STYLE = Automatic;
				COMBINE_HIDPI_IMAGES = YES;
				CURRENT_PROJECT_VERSION = 1;
				DEVELOPMENT_ASSET_PATHS = "\"Menubar-Info/Preview Content\"";
				DEVELOPMENT_TEAM = BML64T9T2X;
				ENABLE_HARDENED_RUNTIME = YES;
				ENABLE_PREVIEWS = YES;
				GENERATE_INFOPLIST_FILE = YES;
				INFOPLIST_KEY_CFBundleDisplayName = "CPU Menu Bar";
				INFOPLIST_KEY_LSApplicationCategoryType = "public.app-category.developer-tools";
				INFOPLIST_KEY_LSUIElement = YES;
				INFOPLIST_KEY_NSHumanReadableCopyright = "";
				LD_RUNPATH_SEARCH_PATHS = (
					"$(inherited)",
					"@executable_path/../Frameworks",
				);
				MARKETING_VERSION = 1.0;
				PRODUCT_BUNDLE_IDENTIFIER = "com.plmls-team.CPU-Menubar";
				PRODUCT_NAME = "$(TARGET_NAME)";
				SWIFT_EMIT_LOC_STRINGS = YES;
				SWIFT_VERSION = 5.0;
			};
			name = Debug;
		};
		DB2A2C702CD55AE800AFBEB9 /* Release */ = {
			isa = XCBuildConfiguration;
			buildSettings = {
				ASSETCATALOG_COMPILER_APPICON_NAME = AppIcon;
				ASSETCATALOG_COMPILER_GLOBAL_ACCENT_COLOR_NAME = AccentColor;
				CODE_SIGN_ENTITLEMENTS = "Menubar-Info/Menubar_Info.entitlements";
				CODE_SIGN_STYLE = Automatic;
				COMBINE_HIDPI_IMAGES = YES;
				CURRENT_PROJECT_VERSION = 1;
				DEVELOPMENT_ASSET_PATHS = "\"Menubar-Info/Preview Content\"";
				DEVELOPMENT_TEAM = BML64T9T2X;
				ENABLE_HARDENED_RUNTIME = YES;
				ENABLE_PREVIEWS = YES;
				GENERATE_INFOPLIST_FILE = YES;
				INFOPLIST_KEY_CFBundleDisplayName = "CPU Menu Bar";
				INFOPLIST_KEY_LSApplicationCategoryType = "public.app-category.developer-tools";
				INFOPLIST_KEY_LSUIElement = YES;
				INFOPLIST_KEY_NSHumanReadableCopyright = "";
				LD_RUNPATH_SEARCH_PATHS = (
					"$(inherited)",
					"@executable_path/../Frameworks",
				);
				MARKETING_VERSION = 1.0;
				PRODUCT_BUNDLE_IDENTIFIER = "com.plmls-team.CPU-Menubar";
				PRODUCT_NAME = "$(TARGET_NAME)";
				SWIFT_EMIT_LOC_STRINGS = YES;
				SWIFT_VERSION = 5.0;
			};
			name = Release;
		};
		DB2A2C752CD55AE800AFBEB9 /* Debug */ = {
			isa = XCBuildConfiguration;
			buildSettings = {
				CODE_SIGN_STYLE = Automatic;
				CURRENT_PROJECT_VERSION = 1;
				DEVELOPMENT_TEAM = BML64T9T2X;
				GENERATE_INFOPLIST_FILE = YES;
				MARKETING_VERSION = 1.0;
				PRODUCT_BUNDLE_IDENTIFIER = "com.plmls-team.CPU-MenubarUITests";
				PRODUCT_NAME = "$(TARGET_NAME)";
				SWIFT_EMIT_LOC_STRINGS = NO;
				SWIFT_VERSION = 5.0;
				TEST_TARGET_NAME = "CPU-Menubar";
			};
			name = Debug;
		};
		DB2A2C762CD55AE800AFBEB9 /* Release */ = {
			isa = XCBuildConfiguration;
			buildSettings = {
				CODE_SIGN_STYLE = Automatic;
				CURRENT_PROJECT_VERSION = 1;
				DEVELOPMENT_TEAM = BML64T9T2X;
				GENERATE_INFOPLIST_FILE = YES;
				MARKETING_VERSION = 1.0;
				PRODUCT_BUNDLE_IDENTIFIER = "com.plmls-team.CPU-MenubarUITests";
				PRODUCT_NAME = "$(TARGET_NAME)";
				SWIFT_EMIT_LOC_STRINGS = NO;
				SWIFT_VERSION = 5.0;
				TEST_TARGET_NAME = "CPU-Menubar";
			};
			name = Release;
		};
/* End XCBuildConfiguration section */

/* Begin XCConfigurationList section */
		DB28F1512CD7BC0000234C63 /* Build configuration list for PBXNativeTarget "CPU-MenubarTests" */ = {
			isa = XCConfigurationList;
			buildConfigurations = (
				DB28F1522CD7BC0000234C63 /* Debug */,
				DB28F1532CD7BC0000234C63 /* Release */,
			);
			defaultConfigurationIsVisible = 0;
			defaultConfigurationName = Release;
		};
		DB2A2C442CD55AE700AFBEB9 /* Build configuration list for PBXProject "Menubar-Info" */ = {
			isa = XCConfigurationList;
			buildConfigurations = (
				DB2A2C6C2CD55AE800AFBEB9 /* Debug */,
				DB2A2C6D2CD55AE800AFBEB9 /* Release */,
			);
			defaultConfigurationIsVisible = 0;
			defaultConfigurationName = Release;
		};
		DB2A2C6E2CD55AE800AFBEB9 /* Build configuration list for PBXNativeTarget "CPU-Menubar" */ = {
			isa = XCConfigurationList;
			buildConfigurations = (
				DB2A2C6F2CD55AE800AFBEB9 /* Debug */,
				DB2A2C702CD55AE800AFBEB9 /* Release */,
			);
			defaultConfigurationIsVisible = 0;
			defaultConfigurationName = Release;
		};
		DB2A2C742CD55AE800AFBEB9 /* Build configuration list for PBXNativeTarget "CPU-MenubarUITests" */ = {
			isa = XCConfigurationList;
			buildConfigurations = (
				DB2A2C752CD55AE800AFBEB9 /* Debug */,
				DB2A2C762CD55AE800AFBEB9 /* Release */,
			);
			defaultConfigurationIsVisible = 0;
			defaultConfigurationName = Release;
		};
/* End XCConfigurationList section */
	};
	rootObject = DB2A2C412CD55AE700AFBEB9 /* Project object */;
}
